
Microsoft Visual Studio Solution File, Format Version 12.00
# Visual Studio 15
VisualStudioVersion = 15.0.28307.572
MinimumVisualStudioVersion = 10.0.40219.1
Project("{FAE04EC0-301F-11D3-BF4B-00C04F79EFBC}") = "ClopeWin", "Clope\ClopeWin\ClopeWin.csproj", "{0639CCEA-1390-46E7-871E-9E714A22BA4E}"
EndProject
Project("{FAE04EC0-301F-11D3-BF4B-00C04F79EFBC}") = "ClopeLib.UnitTests", "Clope\ClopeLib.UnitTests\ClopeLib.UnitTests.csproj", "{5062E3C5-4AA7-4776-B7BD-51BF4042883E}"
EndProject
Project("{FAE04EC0-301F-11D3-BF4B-00C04F79EFBC}") = "ClopeLib", "Clope\ClopeLib\ClopeLib.csproj", "{A113137F-6CB6-44A2-9F07-E4319DA705B3}"
EndProject
Project("{FAE04EC0-301F-11D3-BF4B-00C04F79EFBC}") = "TestingHelper", "Clope\TestingHelper\TestingHelper.csproj", "{EFE116D6-8F5F-4B41-8487-1101FA76841C}"
EndProject
Global
	GlobalSection(SolutionConfigurationPlatforms) = preSolution
		Debug|Any CPU = Debug|Any CPU
		Release|Any CPU = Release|Any CPU
	EndGlobalSection
	GlobalSection(ProjectConfigurationPlatforms) = postSolution
		{0639CCEA-1390-46E7-871E-9E714A22BA4E}.Debug|Any CPU.ActiveCfg = Debug|Any CPU
		{0639CCEA-1390-46E7-871E-9E714A22BA4E}.Debug|Any CPU.Build.0 = Debug|Any CPU
		{0639CCEA-1390-46E7-871E-9E714A22BA4E}.Release|Any CPU.ActiveCfg = Release|Any CPU
		{0639CCEA-1390-46E7-871E-9E714A22BA4E}.Release|Any CPU.Build.0 = Release|Any CPU
		{5062E3C5-4AA7-4776-B7BD-51BF4042883E}.Debug|Any CPU.ActiveCfg = Debug|Any CPU
		{5062E3C5-4AA7-4776-B7BD-51BF4042883E}.Debug|Any CPU.Build.0 = Debug|Any CPU
		{5062E3C5-4AA7-4776-B7BD-51BF4042883E}.Release|Any CPU.ActiveCfg = Release|Any CPU
		{5062E3C5-4AA7-4776-B7BD-51BF4042883E}.Release|Any CPU.Build.0 = Release|Any CPU
		{A113137F-6CB6-44A2-9F07-E4319DA705B3}.Debug|Any CPU.ActiveCfg = Debug|Any CPU
		{A113137F-6CB6-44A2-9F07-E4319DA705B3}.Debug|Any CPU.Build.0 = Debug|Any CPU
		{A113137F-6CB6-44A2-9F07-E4319DA705B3}.Release|Any CPU.ActiveCfg = Release|Any CPU
		{A113137F-6CB6-44A2-9F07-E4319DA705B3}.Release|Any CPU.Build.0 = Release|Any CPU
		{EFE116D6-8F5F-4B41-8487-1101FA76841C}.Debug|Any CPU.ActiveCfg = Debug|Any CPU
		{EFE116D6-8F5F-4B41-8487-1101FA76841C}.Debug|Any CPU.Build.0 = Debug|Any CPU
		{EFE116D6-8F5F-4B41-8487-1101FA76841C}.Release|Any CPU.ActiveCfg = Release|Any CPU
		{EFE116D6-8F5F-4B41-8487-1101FA76841C}.Release|Any CPU.Build.0 = Release|Any CPU
	EndGlobalSection
	GlobalSection(SolutionProperties) = preSolution
		HideSolutionNode = FALSE
	EndGlobalSection
	GlobalSection(ExtensibilityGlobals) = postSolution
		SolutionGuid = {012E1D27-75A2-49A7-8EEB-F3B6EBFC37FA}
	EndGlobalSection
EndGlobal
